name: TCodeBlock
source_file: packages/vue/src/components/TCodeBlock.vue
package: "@treeui/vue"
kind: data-display
status: available
purpose: "Scrollable monospace surface for logs, JSON, ARNs and other machine text. Block-level only — for inline code/IDs use `TText family=\"mono\"`. No syntax highlighting and no virtualization by design; assumes bounded content (e.g. a limited log tail)."

props:
  size:
    type: TSize
    default: md
    values: [sm, md, lg]
    description: "Density. Scales the type size and the padding of the `<pre>` by tokens, like every other sized component. `md` is what the block has always shipped; `sm` is for a block inside a dense surface — a table cell, a list row — where the fixed type size dominated the row."
  code:
    type: string
    default: undefined
    note: "Code as a string. Rendered as the block content and required for the built-in copy button. Omit and use the default slot for pre-formatted markup."
  wrap:
    type: boolean
    default: false
    note: "`false` keeps lines intact and scrolls horizontally (right for logs). `true` wraps long lines (`pre-wrap` + `overflow-wrap`, right for JSON)."
  maxBlockSize:
    type: string
    default: undefined
    note: "Any CSS length. Caps the height; the block scrolls vertically beyond it."
  copyable:
    type: boolean
    default: false
    note: "Show the built-in copy button. Requires `code` (there is nothing to copy from a slot). Copies via navigator.clipboard and emits `copy`."
  label:
    type: string
    default: Code
    note: "Accessible name for the scrollable region and the copy button. English default, overridable (TreeUI ships no i18n layer)."

events:
  - name: copy
    payload: "[text: string]"
    description: "Emitted after the built-in copy button writes `code` to the clipboard."

slots:
  - name: default
    description: "Block content when `code` is not used. Rendered inside `<pre><code>`. The built-in copy button is not shown for slot content (nothing to copy from)."

a11y:
  scroll_region: "The `<pre>` is `role=\"region\"` + `tabindex=\"0\"` + `aria-label` (from `label`) so keyboard users can scroll it — the library does this for you."
  copy_button_state: "The copy button's aria-label reflects the copied state briefly."

not_for:
  - "Inline code / IDs / ARNs in running text → use `TText family=\"mono\"`."
  - "Rich Markdown editing/preview → use `TMarkdownEditor`."

css:
  block: t-code-block
  states: [is-wrap]
  elements: [t-code-block__toolbar, t-code-block__copy, t-code-block__pre, t-code-block__code]

example: |
  <TCodeBlock :code="lambdaLog" label="Lambda log" max-block-size="24rem" copyable @copy="onCopied" />
  <TCodeBlock :code="dynamoItem" wrap label="DynamoDB item" />

behavior:
  copyable_reserves_the_toolbar_width: >-
    With the copy button rendered, `.t-code-block.is-copyable .t-code-block__pre`
    reserves its width as `padding-inline-end`. The toolbar floats over the
    code, so a wrapped line used to run underneath it and the characters behind
    the button were unreadable. This only became visible once `wrap` started
    breaking for real: before, the long token overflowed sideways and never
    reached the button.
  wrap_reduces_the_min_content: >-
    `.t-code-block.is-wrap .t-code-block__pre` uses `overflow-wrap: anywhere`,
    not `break-word`. `break-word` breaks only once a width is already settled,
    so wherever the block's width came from its content — a grid `auto` track, a
    table cell, a flex item without `min-width: 0` — the longest run without a
    break opportunity became the minimum width and pushed the container instead
    of wrapping. That is precisely the case `wrap` exists for: a URL, a token, a
    credential. Same semantics as `TText wrap="anywhere"`.
